Microsoft Visual Studio Solution File, Format Version 12.00
# Visual Studio Version 17
VisualStudioVersion = 17.5.2.0
MinimumVisualStudioVersion = 10.0.40219.1
Project("{FAE04EC0-301F-11D3-BF4B-00C04F79EFBC}") = "MiApiProyecto", "MiApiProyecto\MiApiProyecto.csproj", "{8AA9016F-72B7-E984-0968-8FA81FA4B5D8}"
EndProject
Global
	GlobalSection(SolutionConfigurationPlatforms) = preSolution
		Debug|Any CPU = Debug|Any CPU
		Release|Any CPU = Release|Any CPU
	EndGlobalSection
	GlobalSection(ProjectConfigurationPlatforms) = postSolution
		{8AA9016F-72B7-E984-0968-8FA81FA4B5D8}.Debug|Any CPU.ActiveCfg = Debug|Any CPU
		{8AA9016F-72B7-E984-0968-8FA81FA4B5D8}.Debug|Any CPU.Build.0 = Debug|Any CPU
		{8AA9016F-72B7-E984-0968-8FA81FA4B5D8}.Release|Any CPU.ActiveCfg = Release|Any CPU
		{8AA9016F-72B7-E984-0968-8FA81FA4B5D8}.Release|Any CPU.Build.0 = Release|Any CPU
	EndGlobalSection
	GlobalSection(SolutionProperties) = preSolution
		HideSolutionNode = FALSE
	EndGlobalSection
	GlobalSection(ExtensibilityGlobals) = postSolution
		SolutionGuid = {30D0A1D3-77DC-41FF-B237-8F8D522BA648}
	EndGlobalSection
EndGlobal
